// !$*UTF8*$!
{
	archiveVersion = 1;
	classes = {
	};
	objectVersion = 46;
	objects = {

/* Begin PBXBuildFile section */
		43591C3F1E836FFF00AF0E07 /* PersistenceLayer.h in CopyFiles */ = {isa = PBXBuildFile; fileRef = 43591C3C1E836FFF00AF0E07 /* PersistenceLayer.h */; };
		43591CBA1E83765100AF0E07 /* NoteDao.m in Sources */ = {isa = PBXBuildFile; fileRef = 43591CB91E83765100AF0E07 /* NoteDao.m */; };
		43591CBD1E83765900AF0E07 /* Note.m in Sources */ = {isa = PBXBuildFile; fileRef = 43591CBC1E83765900AF0E07 /* Note.m */; };
		43591CEB1E837ADE00AF0E07 /* PersistenceLayer.h in Headers */ = {isa = PBXBuildFile; fileRef = 43591C3C1E836FFF00AF0E07 /* PersistenceLayer.h */; settings = {ATTRIBUTES = (Public, ); }; };
/* End PBXBuildFile section */

/* Begin PBXCopyFilesBuildPhase section */
		43591C371E836FFF00AF0E07 /* CopyFiles */ = {
			isa = PBXCopyFilesBuildPhase;
			buildActionMask = 2147483647;
			dstPath = "include/$(PRODUCT_NAME)";
			dstSubfolderSpec = 16;
			files = (
				43591C3F1E836FFF00AF0E07 /* PersistenceLayer.h in CopyFiles */,
			);
			runOnlyForDeploymentPostprocessing = 0;
		};
/* End PBXCopyFilesBuildPhase section */

/* Begin PBXFileReference section */
		43591C391E836FFF00AF0E07 /* libPersistenceLayer.a */ = {isa = PBXFileReference; explicitFileType = archive.ar; includeInIndex = 0; path = libPersistenceLayer.a; sourceTree = BUILT_PRODUCTS_DIR; };
		43591C3C1E836FFF00AF0E07 /* PersistenceLayer.h */ = {isa = PBXFileReference; lastKnownFileType = sourcecode.c.h; path = PersistenceLayer.h; sourceTree = "<group>"; };
		43591CB81E83765100AF0E07 /* NoteDao.h */ = {isa = PBXFileReference; fileEncoding = 4; lastKnownFileType = sourcecode.c.h; path = NoteDao.h; sourceTree = "<group>"; };
		43591CB91E83765100AF0E07 /* NoteDao.m */ = {isa = PBXFileReference; fileEncoding = 4; lastKnownFileType = sourcecode.c.objc; path = NoteDao.m; sourceTree = "<group>"; };
		43591CBB1E83765900AF0E07 /* Note.h */ = {isa = PBXFileReference; fileEncoding = 4; lastKnownFileType = sourcecode.c.h; path = Note.h; sourceTree = "<group>"; };
		43591CBC1E83765900AF0E07 /* Note.m */ = {isa = PBXFileReference; fileEncoding = 4; lastKnownFileType = sourcecode.c.objc; path = Note.m; sourceTree = "<group>"; };
/* End PBXFileReference section */

/* Begin PBXFrameworksBuildPhase section */
		43591C361E836FFF00AF0E07 /* Frameworks */ = {
			isa = PBXFrameworksBuildPhase;
			buildActionMask = 2147483647;
			files = (
			);
			runOnlyForDeploymentPostprocessing = 0;
		};
/* End PBXFrameworksBuildPhase section */

/* Begin PBXGroup section */
		43591C301E836FFF00AF0E07 = {
			isa = PBXGroup;
			children = (
				43591C3B1E836FFF00AF0E07 /* PersistenceLayer */,
				43591C3A1E836FFF00AF0E07 /* Products */,
			);
			sourceTree = "<group>";
		};
		43591C3A1E836FFF00AF0E07 /* Products */ = {
			isa = PBXGroup;
			children = (
				43591C391E836FFF00AF0E07 /* libPersistenceLayer.a */,
			);
			name = Products;
			sourceTree = "<group>";
		};
		43591C3B1E836FFF00AF0E07 /* PersistenceLayer */ = {
			isa = PBXGroup;
			children = (
				43591CB71E83764600AF0E07 /* Dao */,
				43591CB61E83763F00AF0E07 /* Domain */,
				43591C3C1E836FFF00AF0E07 /* PersistenceLayer.h */,
			);
			path = PersistenceLayer;
			sourceTree = "<group>";
		};
		43591CB61E83763F00AF0E07 /* Domain */ = {
			isa = PBXGroup;
			children = (
				43591CBB1E83765900AF0E07 /* Note.h */,
				43591CBC1E83765900AF0E07 /* Note.m */,
			);
			name = Domain;
			sourceTree = "<group>";
		};
		43591CB71E83764600AF0E07 /* Dao */ = {
			isa = PBXGroup;
			children = (
				43591CB81E83765100AF0E07 /* NoteDao.h */,
				43591CB91E83765100AF0E07 /* NoteDao.m */,
			);
			name = Dao;
			sourceTree = "<group>";
		};
/* End PBXGroup section */

/* Begin PBXHeadersBuildPhase section */
		43591CEA1E837AD700AF0E07 /* Headers */ = {
			isa = PBXHeadersBuildPhase;
			buildActionMask = 2147483647;
			files = (
				43591CEB1E837ADE00AF0E07 /* PersistenceLayer.h in Headers */,
			);
			runOnlyForDeploymentPostprocessing = 0;
		};
/* End PBXHeadersBuildPhase section */

/* Begin PBXNativeTarget section */
		43591C381E836FFF00AF0E07 /* PersistenceLayer */ = {
			isa = PBXNativeTarget;
			buildConfigurationList = 43591C421E836FFF00AF0E07 /* Build configuration list for PBXNativeTarget "PersistenceLayer" */;
			buildPhases = (
				43591C351E836FFF00AF0E07 /* Sources */,
				43591C361E836FFF00AF0E07 /* Frameworks */,
				43591C371E836FFF00AF0E07 /* CopyFiles */,
				43591CEA1E837AD700AF0E07 /* Headers */,
			);
			buildRules = (
			);
			dependencies = (
			);
			name = PersistenceLayer;
			productName = PersistenceLayer;
			productReference = 43591C391E836FFF00AF0E07 /* libPersistenceLayer.a */;
			productType = "com.apple.product-type.library.static";
		};
/* End PBXNativeTarget section */

/* Begin PBXProject section */
		43591C311E836FFF00AF0E07 /* Project object */ = {
			isa = PBXProject;
			attributes = {
				LastUpgradeCheck = 0810;
				ORGANIZATIONNAME = zhangbinbin;
				TargetAttributes = {
					43591C381E836FFF00AF0E07 = {
						CreatedOnToolsVersion = 8.1;
						DevelopmentTeam = GBF9E4J865;
						ProvisioningStyle = Automatic;
					};
				};
			};
			buildConfigurationList = 43591C341E836FFF00AF0E07 /* Build configuration list for PBXProject "PersistenceLayer" */;
			compatibilityVersion = "Xcode 3.2";
			developmentRegion = English;
			hasScannedForEncodings = 0;
			knownRegions = (
				en,
			);
			mainGroup = 43591C301E836FFF00AF0E07;
			productRefGroup = 43591C3A1E836FFF00AF0E07 /* Products */;
			projectDirPath = "";
			projectRoot = "";
			targets = (
				43591C381E836FFF00AF0E07 /* PersistenceLayer */,
			);
		};
/* End PBXProject section */

/* Begin PBXSourcesBuildPhase section */
		43591C351E836FFF00AF0E07 /* Sources */ = {
			isa = PBXSourcesBuildPhase;
			buildActionMask = 2147483647;
			files = (
				43591CBA1E83765100AF0E07 /* NoteDao.m in Sources */,
				43591CBD1E83765900AF0E07 /* Note.m in Sources */,
			);
			runOnlyForDeploymentPostprocessing = 0;
		};
/* End PBXSourcesBuildPhase section */

/* Begin XCBuildConfiguration section */
		43591C401E836FFF00AF0E07 /* Debug */ = {
			isa = XCBuildConfiguration;
			buildSettings = {
				ALWAYS_SEARCH_USER_PATHS = NO;
				CLANG_ANALYZER_NONNULL = YES;
				CLANG_CXX_LANGUAGE_STANDARD = "gnu++0x";
				CLANG_CXX_LIBRARY = "libc++";
				CLANG_ENABLE_MODULES = YES;
				CLANG_ENABLE_OBJC_ARC = YES;
				CLANG_WARN_BOOL_CONVERSION = YES;
				CLANG_WARN_CONSTANT_CONVERSION = YES;
				CLANG_WARN_DIRECT_OBJC_ISA_USAGE = YES_ERROR;
				CLANG_WARN_DOCUMENTATION_COMMENTS = YES;
				CLANG_WARN_EMPTY_BODY = YES;
				CLANG_WARN_ENUM_CONVERSION = YES;
				CLANG_WARN_INFINITE_RECURSION = YES;
				CLANG_WARN_INT_CONVERSION = YES;
				CLANG_WARN_OBJC_ROOT_CLASS = YES_ERROR;
				CLANG_WARN_SUSPICIOUS_MOVES = YES;
				CLANG_WARN_UNREACHABLE_CODE = YES;
				CLANG_WARN__DUPLICATE_METHOD_MATCH = YES;
				"CODE_SIGN_IDENTITY[sdk=iphoneos*]" = "iPhone Developer";
				COPY_PHASE_STRIP = NO;
				DEBUG_INFORMATION_FORMAT = dwarf;
				ENABLE_STRICT_OBJC_MSGSEND = YES;
				ENABLE_TESTABILITY = YES;
				GCC_C_LANGUAGE_STANDARD = gnu99;
				GCC_DYNAMIC_NO_PIC = NO;
				GCC_NO_COMMON_BLOCKS = YES;
				GCC_OPTIMIZATION_LEVEL = 0;
				GCC_PREPROCESSOR_DEFINITIONS = (
					"DEBUG=1",
					"$(inherited)",
				);
				GCC_WARN_64_TO_32_BIT_CONVERSION = YES;
				GCC_WARN_ABOUT_RETURN_TYPE = YES_ERROR;
				GCC_WARN_UNDECLARED_SELECTOR = YES;
				GCC_WARN_UNINITIALIZED_AUTOS = YES_AGGRESSIVE;
				GCC_WARN_UNUSED_FUNCTION = YES;
				GCC_WARN_UNUSED_VARIABLE = YES;
				IPHONEOS_DEPLOYMENT_TARGET = 10.1;
				MTL_ENABLE_DEBUG_INFO = YES;
				ONLY_ACTIVE_ARCH = YES;
				SDKROOT = iphoneos;
			};
			name = Debug;
		};
		43591C411E836FFF00AF0E07 /* Release */ = {
			isa = XCBuildConfiguration;
			buildSettings = {
				ALWAYS_SEARCH_USER_PATHS = NO;
				CLANG_ANALYZER_NONNULL = YES;
				CLANG_CXX_LANGUAGE_STANDARD = "gnu++0x";
				CLANG_CXX_LIBRARY = "libc++";
				CLANG_ENABLE_MODULES = YES;
				CLANG_ENABLE_OBJC_ARC = YES;
				CLANG_WARN_BOOL_CONVERSION = YES;
				CLANG_WARN_CONSTANT_CONVERSION = YES;
				CLANG_WARN_DIRECT_OBJC_ISA_USAGE = YES_ERROR;
				CLANG_WARN_DOCUMENTATION_COMMENTS = YES;
				CLANG_WARN_EMPTY_BODY = YES;
				CLANG_WARN_ENUM_CONVERSION = YES;
				CLANG_WARN_INFINITE_RECURSION = YES;
				CLANG_WARN_INT_CONVERSION = YES;
				CLANG_WARN_OBJC_ROOT_CLASS = YES_ERROR;
				CLANG_WARN_SUSPICIOUS_MOVES = YES;
				CLANG_WARN_UNREACHABLE_CODE = YES;
				CLANG_WARN__DUPLICATE_METHOD_MATCH = YES;
				"CODE_SIGN_IDENTITY[sdk=iphoneos*]" = "iPhone Developer";
				COPY_PHASE_STRIP = NO;
				DEBUG_INFORMATION_FORMAT = "dwarf-with-dsym";
				ENABLE_NS_ASSERTIONS = NO;
				ENABLE_STRICT_OBJC_MSGSEND = YES;
				GCC_C_LANGUAGE_STANDARD = gnu99;
				GCC_NO_COMMON_BLOCKS = YES;
				GCC_WARN_64_TO_32_BIT_CONVERSION = YES;
				GCC_WARN_ABOUT_RETURN_TYPE = YES_ERROR;
				GCC_WARN_UNDECLARED_SELECTOR = YES;
				GCC_WARN_UNINITIALIZED_AUTOS = YES_AGGRESSIVE;
				GCC_WARN_UNUSED_FUNCTION = YES;
				GCC_WARN_UNUSED_VARIABLE = YES;
				IPHONEOS_DEPLOYMENT_TARGET = 10.1;
				MTL_ENABLE_DEBUG_INFO = NO;
				SDKROOT = iphoneos;
				VALIDATE_PRODUCT = YES;
			};
			name = Release;
		};
		43591C431E836FFF00AF0E07 /* Debug */ = {
			isa = XCBuildConfiguration;
			buildSettings = {
				DEVELOPMENT_TEAM = GBF9E4J865;
				OTHER_LDFLAGS = "-ObjC";
				PRODUCT_NAME = "$(TARGET_NAME)";
				SKIP_INSTALL = YES;
			};
			name = Debug;
		};
		43591C441E836FFF00AF0E07 /* Release */ = {
			isa = XCBuildConfiguration;
			buildSettings = {
				DEVELOPMENT_TEAM = GBF9E4J865;
				OTHER_LDFLAGS = "-ObjC";
				PRODUCT_NAME = "$(TARGET_NAME)";
				SKIP_INSTALL = YES;
			};
			name = Release;
		};
/* End XCBuildConfiguration section */

/* Begin XCConfigurationList section */
		43591C341E836FFF00AF0E07 /* Build configuration list for PBXProject "PersistenceLayer" */ = {
			isa = XCConfigurationList;
			buildConfigurations = (
				43591C401E836FFF00AF0E07 /* Debug */,
				43591C411E836FFF00AF0E07 /* Release */,
			);
			defaultConfigurationIsVisible = 0;
			defaultConfigurationName = Release;
		};
		43591C421E836FFF00AF0E07 /* Build configuration list for PBXNativeTarget "PersistenceLayer" */ = {
			isa = XCConfigurationList;
			buildConfigurations = (
				43591C431E836FFF00AF0E07 /* Debug */,
				43591C441E836FFF00AF0E07 /* Release */,
			);
			defaultConfigurationIsVisible = 0;
		};
/* End XCConfigurationList section */
	};
	rootObject = 43591C311E836FFF00AF0E07 /* Project object */;
}
